// !$*UTF8*$!
{
	archiveVersion = 1;
	classes = {
	};
	objectVersion = 56;
	objects = {

/* Begin PBXBuildFile section */
		38F64BC029DCC240005E4BE7 /* AppDelegate.swift in Sources */ = {isa = PBXBuildFile; fileRef = 38F64BBF29DCC240005E4BE7 /* AppDelegate.swift */; };
		38F64BC229DCC240005E4BE7 /* SceneDelegate.swift in Sources */ = {isa = PBXBuildFile; fileRef = 38F64BC129DCC240005E4BE7 /* SceneDelegate.swift */; };
		38F64BC429DCC240005E4BE7 /* ViewController.swift in Sources */ = {isa = PBXBuildFile; fileRef = 38F64BC329DCC240005E4BE7 /* ViewController.swift */; };
		38F64BC729DCC240005E4BE7 /* Main.storyboard in Resources */ = {isa = PBXBuildFile; fileRef = 38F64BC529DCC240005E4BE7 /* Main.storyboard */; };
		38F64BC929DCC242005E4BE7 /* Assets.xcassets in Resources */ = {isa = PBXBuildFile; fileRef = 38F64BC829DCC242005E4BE7 /* Assets.xcassets */; };
		38F64BCC29DCC242005E4BE7 /* LaunchScreen.storyboard in Resources */ = {isa = PBXBuildFile; fileRef = 38F64BCA29DCC242005E4BE7 /* LaunchScreen.storyboard */; };
		38F64BD729DCC242005E4BE7 /* toplamaHesapMakinesiTests.swift in Sources */ = {isa = PBXBuildFile; fileRef = 38F64BD629DCC242005E4BE7 /* toplamaHesapMakinesiTests.swift */; };
		38F64BE129DCC242005E4BE7 /* toplamaHesapMakinesiUITests.swift in Sources */ = {isa = PBXBuildFile; fileRef = 38F64BE029DCC242005E4BE7 /* toplamaHesapMakinesiUITests.swift */; };
		38F64BE329DCC242005E4BE7 /* toplamaHesapMakinesiUITestsLaunchTests.swift in Sources */ = {isa = PBXBuildFile; fileRef = 38F64BE229DCC242005E4BE7 /* toplamaHesapMakinesiUITestsLaunchTests.swift */; };
/* End PBXBuildFile section */

/* Begin PBXContainerItemProxy section */
		38F64BD329DCC242005E4BE7 /* PBXContainerItemProxy */ = {
			isa = PBXContainerItemProxy;
			containerPortal = 38F64BB429DCC240005E4BE7 /* Project object */;
			proxyType = 1;
			remoteGlobalIDString = 38F64BBB29DCC240005E4BE7;
			remoteInfo = toplamaHesapMakinesi;
		};
		38F64BDD29DCC242005E4BE7 /* PBXContainerItemProxy */ = {
			isa = PBXContainerItemProxy;
			containerPortal = 38F64BB429DCC240005E4BE7 /* Project object */;
			proxyType = 1;
			remoteGlobalIDString = 38F64BBB29DCC240005E4BE7;
			remoteInfo = toplamaHesapMakinesi;
		};
/* End PBXContainerItemProxy section */

/* Begin PBXFileReference section */
		38F64BBC29DCC240005E4BE7 /* toplamaHesapMakinesi.app */ = {isa = PBXFileReference; explicitFileType = wrapper.application; includeInIndex = 0; path = toplamaHesapMakinesi.app; sourceTree = BUILT_PRODUCTS_DIR; };
		38F64BBF29DCC240005E4BE7 /* AppDelegate.swift */ = {isa = PBXFileReference; lastKnownFileType = sourcecode.swift; path = AppDelegate.swift; sourceTree = "<group>"; };
		38F64BC129DCC240005E4BE7 /* SceneDelegate.swift */ = {isa = PBXFileReference; lastKnownFileType = sourcecode.swift; path = SceneDelegate.swift; sourceTree = "<group>"; };
		38F64BC329DCC240005E4BE7 /* ViewController.swift */ = {isa = PBXFileReference; lastKnownFileType = sourcecode.swift; path = ViewController.swift; sourceTree = "<group>"; };
		38F64BC629DCC240005E4BE7 /* Base */ = {isa = PBXFileReference; lastKnownFileType = file.storyboard; name = Base; path = Base.lproj/Main.storyboard; sourceTree = "<group>"; };
		38F64BC829DCC242005E4BE7 /* Assets.xcassets */ = {isa = PBXFileReference; lastKnownFileType = folder.assetcatalog; path = Assets.xcassets; sourceTree = "<group>"; };
		38F64BCB29DCC242005E4BE7 /* Base */ = {isa = PBXFileReference; lastKnownFileType = file.storyboard; name = Base; path = Base.lproj/LaunchScreen.storyboard; sourceTree = "<group>"; };
		38F64BCD29DCC242005E4BE7 /* Info.plist */ = {isa = PBXFileReference; lastKnownFileType = text.plist.xml; path = Info.plist; sourceTree = "<group>"; };
		38F64BD229DCC242005E4BE7 /* toplamaHesapMakinesiTests.xctest */ = {isa = PBXFileReference; explicitFileType = wrapper.cfbundle; includeInIndex = 0; path = toplamaHesapMakinesiTests.xctest; sourceTree = BUILT_PRODUCTS_DIR; };
		38F64BD629DCC242005E4BE7 /* toplamaHesapMakinesiTests.swift */ = {isa = PBXFileReference; lastKnownFileType = sourcecode.swift; path = toplamaHesapMakinesiTests.swift; sourceTree = "<group>"; };
		38F64BDC29DCC242005E4BE7 /* toplamaHesapMakinesiUITests.xctest */ = {isa = PBXFileReference; explicitFileType = wrapper.cfbundle; includeInIndex = 0; path = toplamaHesapMakinesiUITests.xctest; sourceTree = BUILT_PRODUCTS_DIR; };
		38F64BE029DCC242005E4BE7 /* toplamaHesapMakinesiUITests.swift */ = {isa = PBXFileReference; lastKnownFileType = sourcecode.swift; path = toplamaHesapMakinesiUITests.swift; sourceTree = "<group>"; };
		38F64BE229DCC242005E4BE7 /* toplamaHesapMakinesiUITestsLaunchTests.swift */ = {isa = PBXFileReference; lastKnownFileType = sourcecode.swift; path = toplamaHesapMakinesiUITestsLaunchTests.swift; sourceTree = "<group>"; };
/* End PBXFileReference section */

/* Begin PBXFrameworksBuildPhase section */
		38F64BB929DCC240005E4BE7 /* Frameworks */ = {
			isa = PBXFrameworksBuildPhase;
			buildActionMask = 2147483647;
			files = (
			);
			runOnlyForDeploymentPostprocessing = 0;
		};
		38F64BCF29DCC242005E4BE7 /* Frameworks */ = {
			isa = PBXFrameworksBuildPhase;
			buildActionMask = 2147483647;
			files = (
			);
			runOnlyForDeploymentPostprocessing = 0;
		};
		38F64BD929DCC242005E4BE7 /* Frameworks */ = {
			isa = PBXFrameworksBuildPhase;
			buildActionMask = 2147483647;
			files = (
			);
			runOnlyForDeploymentPostprocessing = 0;
		};
/* End PBXFrameworksBuildPhase section */

/* Begin PBXGroup section */
		38F64BB329DCC240005E4BE7 = {
			isa = PBXGroup;
			children = (
				38F64BBE29DCC240005E4BE7 /* toplamaHesapMakinesi */,
				38F64BD529DCC242005E4BE7 /* toplamaHesapMakinesiTests */,
				38F64BDF29DCC242005E4BE7 /* toplamaHesapMakinesiUITests */,
				38F64BBD29DCC240005E4BE7 /* Products */,
			);
			sourceTree = "<group>";
		};
		38F64BBD29DCC240005E4BE7 /* Products */ = {
			isa = PBXGroup;
			children = (
				38F64BBC29DCC240005E4BE7 /* toplamaHesapMakinesi.app */,
				38F64BD229DCC242005E4BE7 /* toplamaHesapMakinesiTests.xctest */,
				38F64BDC29DCC242005E4BE7 /* toplamaHesapMakinesiUITests.xctest */,
			);
			name = Products;
			sourceTree = "<group>";
		};
		38F64BBE29DCC240005E4BE7 /* toplamaHesapMakinesi */ = {
			isa = PBXGroup;
			children = (
				38F64BBF29DCC240005E4BE7 /* AppDelegate.swift */,
				38F64BC129DCC240005E4BE7 /* SceneDelegate.swift */,
				38F64BC329DCC240005E4BE7 /* ViewController.swift */,
				38F64BC529DCC240005E4BE7 /* Main.storyboard */,
				38F64BC829DCC242005E4BE7 /* Assets.xcassets */,
				38F64BCA29DCC242005E4BE7 /* LaunchScreen.storyboard */,
				38F64BCD29DCC242005E4BE7 /* Info.plist */,
			);
			path = toplamaHesapMakinesi;
			sourceTree = "<group>";
		};
		38F64BD529DCC242005E4BE7 /* toplamaHesapMakinesiTests */ = {
			isa = PBXGroup;
			children = (
				38F64BD629DCC242005E4BE7 /* toplamaHesapMakinesiTests.swift */,
			);
			path = toplamaHesapMakinesiTests;
			sourceTree = "<group>";
		};
		38F64BDF29DCC242005E4BE7 /* toplamaHesapMakinesiUITests */ = {
			isa = PBXGroup;
			children = (
				38F64BE029DCC242005E4BE7 /* toplamaHesapMakinesiUITests.swift */,
				38F64BE229DCC242005E4BE7 /* toplamaHesapMakinesiUITestsLaunchTests.swift */,
			);
			path = toplamaHesapMakinesiUITests;
			sourceTree = "<group>";
		};
/* End PBXGroup section */

/* Begin PBXNativeTarget section */
		38F64BBB29DCC240005E4BE7 /* toplamaHesapMakinesi */ = {
			isa = PBXNativeTarget;
			buildConfigurationList = 38F64BE629DCC242005E4BE7 /* Build configuration list for PBXNativeTarget "toplamaHesapMakinesi" */;
			buildPhases = (
				38F64BB829DCC240005E4BE7 /* Sources */,
				38F64BB929DCC240005E4BE7 /* Frameworks */,
				38F64BBA29DCC240005E4BE7 /* Resources */,
			);
			buildRules = (
			);
			dependencies = (
			);
			name = toplamaHesapMakinesi;
			productName = toplamaHesapMakinesi;
			productReference = 38F64BBC29DCC240005E4BE7 /* toplamaHesapMakinesi.app */;
			productType = "com.apple.product-type.application";
		};
		38F64BD129DCC242005E4BE7 /* toplamaHesapMakinesiTests */ = {
			isa = PBXNativeTarget;
			buildConfigurationList = 38F64BE929DCC242005E4BE7 /* Build configuration list for PBXNativeTarget "toplamaHesapMakinesiTests" */;
			buildPhases = (
				38F64BCE29DCC242005E4BE7 /* Sources */,
				38F64BCF29DCC242005E4BE7 /* Frameworks */,
				38F64BD029DCC242005E4BE7 /* Resources */,
			);
			buildRules = (
			);
			dependencies = (
				38F64BD429DCC242005E4BE7 /* PBXTargetDependency */,
			);
			name = toplamaHesapMakinesiTests;
			productName = toplamaHesapMakinesiTests;
			productReference = 38F64BD229DCC242005E4BE7 /* toplamaHesapMakinesiTests.xctest */;
			productType = "com.apple.product-type.bundle.unit-test";
		};
		38F64BDB29DCC242005E4BE7 /* toplamaHesapMakinesiUITests */ = {
			isa = PBXNativeTarget;
			buildConfigurationList = 38F64BEC29DCC242005E4BE7 /* Build configuration list for PBXNativeTarget "toplamaHesapMakinesiUITests" */;
			buildPhases = (
				38F64BD829DCC242005E4BE7 /* Sources */,
				38F64BD929DCC242005E4BE7 /* Frameworks */,
				38F64BDA29DCC242005E4BE7 /* Resources */,
			);
			buildRules = (
			);
			dependencies = (
				38F64BDE29DCC242005E4BE7 /* PBXTargetDependency */,
			);
			name = toplamaHesapMakinesiUITests;
			productName = toplamaHesapMakinesiUITests;
			productReference = 38F64BDC29DCC242005E4BE7 /* toplamaHesapMakinesiUITests.xctest */;
			productType = "com.apple.product-type.bundle.ui-testing";
		};
/* End PBXNativeTarget section */

/* Begin PBXProject section */
		38F64BB429DCC240005E4BE7 /* Project object */ = {
			isa = PBXProject;
			attributes = {
				BuildIndependentTargetsInParallel = 1;
				LastSwiftUpdateCheck = 1410;
				LastUpgradeCheck = 1410;
				TargetAttributes = {
					38F64BBB29DCC240005E4BE7 = {
						CreatedOnToolsVersion = 14.1;
					};
					38F64BD129DCC242005E4BE7 = {
						CreatedOnToolsVersion = 14.1;
						TestTargetID = 38F64BBB29DCC240005E4BE7;
					};
					38F64BDB29DCC242005E4BE7 = {
						CreatedOnToolsVersion = 14.1;
						TestTargetID = 38F64BBB29DCC240005E4BE7;
					};
				};
			};
			buildConfigurationList = 38F64BB729DCC240005E4BE7 /* Build configuration list for PBXProject "toplamaHesapMakinesi" */;
			compatibilityVersion = "Xcode 14.0";
			developmentRegion = en;
			hasScannedForEncodings = 0;
			knownRegions = (
				en,
				Base,
			);
			mainGroup = 38F64BB329DCC240005E4BE7;
			productRefGroup = 38F64BBD29DCC240005E4BE7 /* Products */;
			projectDirPath = "";
			projectRoot = "";
			targets = (
				38F64BBB29DCC240005E4BE7 /* toplamaHesapMakinesi */,
				38F64BD129DCC242005E4BE7 /* toplamaHesapMakinesiTests */,
				38F64BDB29DCC242005E4BE7 /* toplamaHesapMakinesiUITests */,
			);
		};
/* End PBXProject section */

/* Begin PBXResourcesBuildPhase section */
		38F64BBA29DCC240005E4BE7 /* Resources */ = {
			isa = PBXResourcesBuildPhase;
			buildActionMask = 2147483647;
			files = (
				38F64BCC29DCC242005E4BE7 /* LaunchScreen.storyboard in Resources */,
				38F64BC929DCC242005E4BE7 /* Assets.xcassets in Resources */,
				38F64BC729DCC240005E4BE7 /* Main.storyboard in Resources */,
			);
			runOnlyForDeploymentPostprocessing = 0;
		};
		38F64BD029DCC242005E4BE7 /* Resources */ = {
			isa = PBXResourcesBuildPhase;
			buildActionMask = 2147483647;
			files = (
			);
			runOnlyForDeploymentPostprocessing = 0;
		};
		38F64BDA29DCC242005E4BE7 /* Resources */ = {
			isa = PBXResourcesBuildPhase;
			buildActionMask = 2147483647;
			files = (
			);
			runOnlyForDeploymentPostprocessing = 0;
		};
/* End PBXResourcesBuildPhase section */

/* Begin PBXSourcesBuildPhase section */
		38F64BB829DCC240005E4BE7 /* Sources */ = {
			isa = PBXSourcesBuildPhase;
			buildActionMask = 2147483647;
			files = (
				38F64BC429DCC240005E4BE7 /* ViewController.swift in Sources */,
				38F64BC029DCC240005E4BE7 /* AppDelegate.swift in Sources */,
				38F64BC229DCC240005E4BE7 /* SceneDelegate.swift in Sources */,
			);
			runOnlyForDeploymentPostprocessing = 0;
		};
		38F64BCE29DCC242005E4BE7 /* Sources */ = {
			isa = PBXSourcesBuildPhase;
			buildActionMask = 2147483647;
			files = (
				38F64BD729DCC242005E4BE7 /* toplamaHesapMakinesiTests.swift in Sources */,
			);
			runOnlyForDeploymentPostprocessing = 0;
		};
		38F64BD829DCC242005E4BE7 /* Sources */ = {
			isa = PBXSourcesBuildPhase;
			buildActionMask = 2147483647;
			files = (
				38F64BE329DCC242005E4BE7 /* toplamaHesapMakinesiUITestsLaunchTests.swift in Sources */,
				38F64BE129DCC242005E4BE7 /* toplamaHesapMakinesiUITests.swift in Sources */,
			);
			runOnlyForDeploymentPostprocessing = 0;
		};
/* End PBXSourcesBuildPhase section */

/* Begin PBXTargetDependency section */
		38F64BD429DCC242005E4BE7 /* PBXTargetDependency */ = {
			isa = PBXTargetDependency;
			target = 38F64BBB29DCC240005E4BE7 /* toplamaHesapMakinesi */;
			targetProxy = 38F64BD329DCC242005E4BE7 /* PBXContainerItemProxy */;
		};
		38F64BDE29DCC242005E4BE7 /* PBXTargetDependency */ = {
			isa = PBXTargetDependency;
			target = 38F64BBB29DCC240005E4BE7 /* toplamaHesapMakinesi */;
			targetProxy = 38F64BDD29DCC242005E4BE7 /* PBXContainerItemProxy */;
		};
/* End PBXTargetDependency section */

/* Begin PBXVariantGroup section */
		38F64BC529DCC240005E4BE7 /* Main.storyboard */ = {
			isa = PBXVariantGroup;
			children = (
				38F64BC629DCC240005E4BE7 /* Base */,
			);
			name = Main.storyboard;
			sourceTree = "<group>";
		};
		38F64BCA29DCC242005E4BE7 /* LaunchScreen.storyboard */ = {
			isa = PBXVariantGroup;
			children = (
				38F64BCB29DCC242005E4BE7 /* Base */,
			);
			name = LaunchScreen.storyboard;
			sourceTree = "<group>";
		};
/* End PBXVariantGroup section */

/* Begin XCBuildConfiguration section */
		38F64BE429DCC242005E4BE7 /* Debug */ = {
			isa = XCBuildConfiguration;
			buildSettings = {
				ALWAYS_SEARCH_USER_PATHS = NO;
				CLANG_ANALYZER_NONNULL = YES;
				CLANG_ANALYZER_NUMBER_OBJECT_CONVERSION = YES_AGGRESSIVE;
				CLANG_CXX_LANGUAGE_STANDARD = "gnu++20";
				CLANG_ENABLE_MODULES = YES;
				CLANG_ENABLE_OBJC_ARC = YES;
				CLANG_ENABLE_OBJC_WEAK = YES;
				CLANG_WARN_BLOCK_CAPTURE_AUTORELEASING = YES;
				CLANG_WARN_BOOL_CONVERSION = YES;
				CLANG_WARN_COMMA = YES;
				CLANG_WARN_CONSTANT_CONVERSION = YES;
				CLANG_WARN_DEPRECATED_OBJC_IMPLEMENTATIONS = YES;
				CLANG_WARN_DIRECT_OBJC_ISA_USAGE = YES_ERROR;
				CLANG_WARN_DOCUMENTATION_COMMENTS = YES;
				CLANG_WARN_EMPTY_BODY = YES;
				CLANG_WARN_ENUM_CONVERSION = YES;
				CLANG_WARN_INFINITE_RECURSION = YES;
				CLANG_WARN_INT_CONVERSION = YES;
				CLANG_WARN_NON_LITERAL_NULL_CONVERSION = YES;
				CLANG_WARN_OBJC_IMPLICIT_RETAIN_SELF = YES;
				CLANG_WARN_OBJC_LITERAL_CONVERSION = YES;
				CLANG_WARN_OBJC_ROOT_CLASS = YES_ERROR;
				CLANG_WARN_QUOTED_INCLUDE_IN_FRAMEWORK_HEADER = YES;
				CLANG_WARN_RANGE_LOOP_ANALYSIS = YES;
				CLANG_WARN_STRICT_PROTOTYPES = YES;
				CLANG_WARN_SUSPICIOUS_MOVE = YES;
				CLANG_WARN_UNGUARDED_AVAILABILITY = YES_AGGRESSIVE;
				CLANG_WARN_UNREACHABLE_CODE = YES;
				CLANG_WARN__DUPLICATE_METHOD_MATCH = YES;
				COPY_PHASE_STRIP = NO;
				DEBUG_INFORMATION_FORMAT = dwarf;
				ENABLE_STRICT_OBJC_MSGSEND = YES;
				ENABLE_TESTABILITY = YES;
				GCC_C_LANGUAGE_STANDARD = gnu11;
				GCC_DYNAMIC_NO_PIC = NO;
				GCC_NO_COMMON_BLOCKS = YES;
				GCC_OPTIMIZATION_LEVEL = 0;
				GCC_PREPROCESSOR_DEFINITIONS = (
					"DEBUG=1",
					"$(inherited)",
				);
				GCC_WARN_64_TO_32_BIT_CONVERSION = YES;
				GCC_WARN_ABOUT_RETURN_TYPE = YES_ERROR;
				GCC_WARN_UNDECLARED_SELECTOR = YES;
				GCC_WARN_UNINITIALIZED_AUTOS = YES_AGGRESSIVE;
				GCC_WARN_UNUSED_FUNCTION = YES;
				GCC_WARN_UNUSED_VARIABLE = YES;
				IPHONEOS_DEPLOYMENT_TARGET = 16.1;
				MTL_ENABLE_DEBUG_INFO = INCLUDE_SOURCE;
				MTL_FAST_MATH = YES;
				ONLY_ACTIVE_ARCH = YES;
				SDKROOT = iphoneos;
				SWIFT_ACTIVE_COMPILATION_CONDITIONS = DEBUG;
				SWIFT_OPTIMIZATION_LEVEL = "-Onone";
			};
			name = Debug;
		};
		38F64BE529DCC242005E4BE7 /* Release */ = {
			isa = XCBuildConfiguration;
			buildSettings = {
				ALWAYS_SEARCH_USER_PATHS = NO;
				CLANG_ANALYZER_NONNULL = YES;
				CLANG_ANALYZER_NUMBER_OBJECT_CONVERSION = YES_AGGRESSIVE;
				CLANG_CXX_LANGUAGE_STANDARD = "gnu++20";
				CLANG_ENABLE_MODULES = YES;
				CLANG_ENABLE_OBJC_ARC = YES;
				CLANG_ENABLE_OBJC_WEAK = YES;
				CLANG_WARN_BLOCK_CAPTURE_AUTORELEASING = YES;
				CLANG_WARN_BOOL_CONVERSION = YES;
				CLANG_WARN_COMMA = YES;
				CLANG_WARN_CONSTANT_CONVERSION = YES;
				CLANG_WARN_DEPRECATED_OBJC_IMPLEMENTATIONS = YES;
				CLANG_WARN_DIRECT_OBJC_ISA_USAGE = YES_ERROR;
				CLANG_WARN_DOCUMENTATION_COMMENTS = YES;
				CLANG_WARN_EMPTY_BODY = YES;
				CLANG_WARN_ENUM_CONVERSION = YES;
				CLANG_WARN_INFINITE_RECURSION = YES;
				CLANG_WARN_INT_CONVERSION = YES;
				CLANG_WARN_NON_LITERAL_NULL_CONVERSION = YES;
				CLANG_WARN_OBJC_IMPLICIT_RETAIN_SELF = YES;
				CLANG_WARN_OBJC_LITERAL_CONVERSION = YES;
				CLANG_WARN_OBJC_ROOT_CLASS = YES_ERROR;
				CLANG_WARN_QUOTED_INCLUDE_IN_FRAMEWORK_HEADER = YES;
				CLANG_WARN_RANGE_LOOP_ANALYSIS = YES;
				CLANG_WARN_STRICT_PROTOTYPES = YES;
				CLANG_WARN_SUSPICIOUS_MOVE = YES;
				CLANG_WARN_UNGUARDED_AVAILABILITY = YES_AGGRESSIVE;
				CLANG_WARN_UNREACHABLE_CODE = YES;
				CLANG_WARN__DUPLICATE_METHOD_MATCH = YES;
				COPY_PHASE_STRIP = NO;
				DEBUG_INFORMATION_FORMAT = "dwarf-with-dsym";
				ENABLE_NS_ASSERTIONS = NO;
				ENABLE_STRICT_OBJC_MSGSEND = YES;
				GCC_C_LANGUAGE_STANDARD = gnu11;
				GCC_NO_COMMON_BLOCKS = YES;
				GCC_WARN_64_TO_32_BIT_CONVERSION = YES;
				GCC_WARN_ABOUT_RETURN_TYPE = YES_ERROR;
				GCC_WARN_UNDECLARED_SELECTOR = YES;
				GCC_WARN_UNINITIALIZED_AUTOS = YES_AGGRESSIVE;
				GCC_WARN_UNUSED_FUNCTION = YES;
				GCC_WARN_UNUSED_VARIABLE = YES;
				IPHONEOS_DEPLOYMENT_TARGET = 16.1;
				MTL_ENABLE_DEBUG_INFO = NO;
				MTL_FAST_MATH = YES;
				SDKROOT = iphoneos;
				SWIFT_COMPILATION_MODE = wholemodule;
				SWIFT_OPTIMIZATION_LEVEL = "-O";
				VALIDATE_PRODUCT = YES;
			};
			name = Release;
		};
		38F64BE729DCC242005E4BE7 /* Debug */ = {
			isa = XCBuildConfiguration;
			buildSettings = {
				ASSETCATALOG_COMPILER_APPICON_NAME = AppIcon;
				ASSETCATALOG_COMPILER_GLOBAL_ACCENT_COLOR_NAME = AccentColor;
				CODE_SIGN_STYLE = Automatic;
				CURRENT_PROJECT_VERSION = 1;
				DEVELOPMENT_TEAM = Y75CGNV7LK;
				GENERATE_INFOPLIST_FILE = YES;
				INFOPLIST_FILE = toplamaHesapMakinesi/Info.plist;
				INFOPLIST_KEY_UIApplicationSupportsIndirectInputEvents = YES;
				INFOPLIST_KEY_UILaunchStoryboardName = LaunchScreen;
				INFOPLIST_KEY_UIMainStoryboardFile = Main;
				INFOPLIST_KEY_UISupportedInterfaceOrientations_iPad = "UIInterfaceOrientationPortrait UIInterfaceOrientationPortraitUpsideDown UIInterfaceOrientationLandscapeLeft UIInterfaceOrientationLandscapeRight";
				INFOPLIST_KEY_UISupportedInterfaceOrientations_iPhone = "UIInterfaceOrientationPortrait UIInterfaceOrientationLandscapeLeft UIInterfaceOrientationLandscapeRight";
				LD_RUNPATH_SEARCH_PATHS = (
					"$(inherited)",
					"@executable_path/Frameworks",
				);
				MARKETING_VERSION = 1.0;
				PRODUCT_BUNDLE_IDENTIFIER = com.agah.toplamaHesapMakinesi;
				PRODUCT_NAME = "$(TARGET_NAME)";
				SWIFT_EMIT_LOC_STRINGS = YES;
				SWIFT_VERSION = 5.0;
				TARGETED_DEVICE_FAMILY = "1,2";
			};
			name = Debug;
		};
		38F64BE829DCC242005E4BE7 /* Release */ = {
			isa = XCBuildConfiguration;
			buildSettings = {
				ASSETCATALOG_COMPILER_APPICON_NAME = AppIcon;
				ASSETCATALOG_COMPILER_GLOBAL_ACCENT_COLOR_NAME = AccentColor;
				CODE_SIGN_STYLE = Automatic;
				CURRENT_PROJECT_VERSION = 1;
				DEVELOPMENT_TEAM = Y75CGNV7LK;
				GENERATE_INFOPLIST_FILE = YES;
				INFOPLIST_FILE = toplamaHesapMakinesi/Info.plist;
				INFOPLIST_KEY_UIApplicationSupportsIndirectInputEvents = YES;
				INFOPLIST_KEY_UILaunchStoryboardName = LaunchScreen;
				INFOPLIST_KEY_UIMainStoryboardFile = Main;
				INFOPLIST_KEY_UISupportedInterfaceOrientations_iPad = "UIInterfaceOrientationPortrait UIInterfaceOrientationPortraitUpsideDown UIInterfaceOrientationLandscapeLeft UIInterfaceOrientationLandscapeRight";
				INFOPLIST_KEY_UISupportedInterfaceOrientations_iPhone = "UIInterfaceOrientationPortrait UIInterfaceOrientationLandscapeLeft UIInterfaceOrientationLandscapeRight";
				LD_RUNPATH_SEARCH_PATHS = (
					"$(inherited)",
					"@executable_path/Frameworks",
				);
				MARKETING_VERSION = 1.0;
				PRODUCT_BUNDLE_IDENTIFIER = com.agah.toplamaHesapMakinesi;
				PRODUCT_NAME = "$(TARGET_NAME)";
				SWIFT_EMIT_LOC_STRINGS = YES;
				SWIFT_VERSION = 5.0;
				TARGETED_DEVICE_FAMILY = "1,2";
			};
			name = Release;
		};
		38F64BEA29DCC242005E4BE7 /* Debug */ = {
			isa = XCBuildConfiguration;
			buildSettings = {
				ALWAYS_EMBED_SWIFT_STANDARD_LIBRARIES = YES;
				BUNDLE_LOADER = "$(TEST_HOST)";
				CODE_SIGN_STYLE = Automatic;
				CURRENT_PROJECT_VERSION = 1;
				DEVELOPMENT_TEAM = Y75CGNV7LK;
				GENERATE_INFOPLIST_FILE = YES;
				IPHONEOS_DEPLOYMENT_TARGET = 16.1;
				MARKETING_VERSION = 1.0;
				PRODUCT_BUNDLE_IDENTIFIER = com.agah.toplamaHesapMakinesiTests;
				PRODUCT_NAME = "$(TARGET_NAME)";
				SWIFT_EMIT_LOC_STRINGS = NO;
				SWIFT_VERSION = 5.0;
				TARGETED_DEVICE_FAMILY = "1,2";
				TEST_HOST = "$(BUILT_PRODUCTS_DIR)/toplamaHesapMakinesi.app/$(BUNDLE_EXECUTABLE_FOLDER_PATH)/toplamaHesapMakinesi";
			};
			name = Debug;
		};
		38F64BEB29DCC242005E4BE7 /* Release */ = {
			isa = XCBuildConfiguration;
			buildSettings = {
				ALWAYS_EMBED_SWIFT_STANDARD_LIBRARIES = YES;
				BUNDLE_LOADER = "$(TEST_HOST)";
				CODE_SIGN_STYLE = Automatic;
				CURRENT_PROJECT_VERSION = 1;
				DEVELOPMENT_TEAM = Y75CGNV7LK;
				GENERATE_INFOPLIST_FILE = YES;
				IPHONEOS_DEPLOYMENT_TARGET = 16.1;
				MARKETING_VERSION = 1.0;
				PRODUCT_BUNDLE_IDENTIFIER = com.agah.toplamaHesapMakinesiTests;
				PRODUCT_NAME = "$(TARGET_NAME)";
				SWIFT_EMIT_LOC_STRINGS = NO;
				SWIFT_VERSION = 5.0;
				TARGETED_DEVICE_FAMILY = "1,2";
				TEST_HOST = "$(BUILT_PRODUCTS_DIR)/toplamaHesapMakinesi.app/$(BUNDLE_EXECUTABLE_FOLDER_PATH)/toplamaHesapMakinesi";
			};
			name = Release;
		};
		38F64BED29DCC242005E4BE7 /* Debug */ = {
			isa = XCBuildConfiguration;
			buildSettings = {
				ALWAYS_EMBED_SWIFT_STANDARD_LIBRARIES = YES;
				CODE_SIGN_STYLE = Automatic;
				CURRENT_PROJECT_VERSION = 1;
				DEVELOPMENT_TEAM = Y75CGNV7LK;
				GENERATE_INFOPLIST_FILE = YES;
				MARKETING_VERSION = 1.0;
				PRODUCT_BUNDLE_IDENTIFIER = com.agah.toplamaHesapMakinesiUITests;
				PRODUCT_NAME = "$(TARGET_NAME)";
				SWIFT_EMIT_LOC_STRINGS = NO;
				SWIFT_VERSION = 5.0;
				TARGETED_DEVICE_FAMILY = "1,2";
				TEST_TARGET_NAME = toplamaHesapMakinesi;
			};
			name = Debug;
		};
		38F64BEE29DCC242005E4BE7 /* Release */ = {
			isa = XCBuildConfiguration;
			buildSettings = {
				ALWAYS_EMBED_SWIFT_STANDARD_LIBRARIES = YES;
				CODE_SIGN_STYLE = Automatic;
				CURRENT_PROJECT_VERSION = 1;
				DEVELOPMENT_TEAM = Y75CGNV7LK;
				GENERATE_INFOPLIST_FILE = YES;
				MARKETING_VERSION = 1.0;
				PRODUCT_BUNDLE_IDENTIFIER = com.agah.toplamaHesapMakinesiUITests;
				PRODUCT_NAME = "$(TARGET_NAME)";
				SWIFT_EMIT_LOC_STRINGS = NO;
				SWIFT_VERSION = 5.0;
				TARGETED_DEVICE_FAMILY = "1,2";
				TEST_TARGET_NAME = toplamaHesapMakinesi;
			};
			name = Release;
		};
/* End XCBuildConfiguration section */

/* Begin XCConfigurationList section */
		38F64BB729DCC240005E4BE7 /* Build configuration list for PBXProject "toplamaHesapMakinesi" */ = {
			isa = XCConfigurationList;
			buildConfigurations = (
				38F64BE429DCC242005E4BE7 /* Debug */,
				38F64BE529DCC242005E4BE7 /* Release */,
			);
			defaultConfigurationIsVisible = 0;
			defaultConfigurationName = Release;
		};
		38F64BE629DCC242005E4BE7 /* Build configuration list for PBXNativeTarget "toplamaHesapMakinesi" */ = {
			isa = XCConfigurationList;
			buildConfigurations = (
				38F64BE729DCC242005E4BE7 /* Debug */,
				38F64BE829DCC242005E4BE7 /* Release */,
			);
			defaultConfigurationIsVisible = 0;
			defaultConfigurationName = Release;
		};
		38F64BE929DCC242005E4BE7 /* Build configuration list for PBXNativeTarget "toplamaHesapMakinesiTests" */ = {
			isa = XCConfigurationList;
			buildConfigurations = (
				38F64BEA29DCC242005E4BE7 /* Debug */,
				38F64BEB29DCC242005E4BE7 /* Release */,
			);
			defaultConfigurationIsVisible = 0;
			defaultConfigurationName = Release;
		};
		38F64BEC29DCC242005E4BE7 /* Build configuration list for PBXNativeTarget "toplamaHesapMakinesiUITests" */ = {
			isa = XCConfigurationList;
			buildConfigurations = (
				38F64BED29DCC242005E4BE7 /* Debug */,
				38F64BEE29DCC242005E4BE7 /* Release */,
			);
			defaultConfigurationIsVisible = 0;
			defaultConfigurationName = Release;
		};
/* End XCConfigurationList section */
	};
	rootObject = 38F64BB429DCC240005E4BE7 /* Project object */;
}
